
Microsoft Visual Studio Solution File, Format Version 12.00
# Visual Studio Version 17
VisualStudioVersion = 17.10.34607.79
MinimumVisualStudioVersion = 10.0.40219.1
Project("{FAE04EC0-301F-11D3-BF4B-00C04F79EFBC}") = "Lesson1Assignment", "Lesson1Assignment.csproj", "{D4B5123F-CE5D-46BB-9464-B8F1EE1A9EF7}"
EndProject
Global
	GlobalSection(SolutionConfigurationPlatforms) = preSolution
		Debug|Any CPU = Debug|Any CPU
		Release|Any CPU = Release|Any CPU
	EndGlobalSection
	GlobalSection(ProjectConfigurationPlatforms) = postSolution
		{D4B5123F-CE5D-46BB-9464-B8F1EE1A9EF7}.Debug|Any CPU.ActiveCfg = Debug|Any CPU
		{D4B5123F-CE5D-46BB-9464-B8F1EE1A9EF7}.Debug|Any CPU.Build.0 = Debug|Any CPU
		{D4B5123F-CE5D-46BB-9464-B8F1EE1A9EF7}.Release|Any CPU.ActiveCfg = Release|Any CPU
		{D4B5123F-CE5D-46BB-9464-B8F1EE1A9EF7}.Release|Any CPU.Build.0 = Release|Any CPU
	EndGlobalSection
	GlobalSection(SolutionProperties) = preSolution
		HideSolutionNode = FALSE
	EndGlobalSection
	GlobalSection(ExtensibilityGlobals) = postSolution
		SolutionGuid = {29563D4D-0BE5-4666-8CC9-2E37AEF0D8C5}
	EndGlobalSection
EndGlobal
